github.com/go-opentype/fonts v0.8.0 h1:77i3VPIH90GbstzNb21mk+an4WvEOe2idC6W+J0n0fw=
github.com/go-opentype/fonts v0.8.0/go.mod h1:C6yQL2apHItfEZ5hztpsHF0S5mlX/hklLlq/Z5fRG/g=
github.com/go-opentype/fonts v0.9.0 h1:slB6OB3riLyUPrOxqXe0s6/AzdenF1TDvCN8N87hhQk=
github.com/go-opentype/fonts v0.9.0/go.mod h1:C6yQL2apHItfEZ5hztpsHF0S5mlX/hklLlq/Z5fRG/g=
github.com/go-opentype/opentype v0.6.0 h1:2t1Qs/Uo4M+f9gahV5QGihLTTeI/q4s0l7MIsbkd290=
github.com/go-opentype/opentype v0.6.0/go.mod h1:AOixevJf7XQaH7+WG+OMIOZEbYPXfMqklVk26Y6YTUU=
github.com/go-opentype/opentype v0.12.0 h1:wBlcDi+3ZaNZXEt5z+Ixr11/cYYwi5W+jX6yTl/qr1I=
github.com/go-opentype/opentype v0.12.0/go.mod h1:AOixevJf7XQaH7+WG+OMIOZEbYPXfMqklVk26Y6YTUU=
github.com/go-opentype/shape v0.5.0 h1:jHNaOMHNBdDj5EixOevlrrsi92svMxvVMKN7GYaPfxo=
github.com/go-opentype/shape v0.5.0/go.mod h1:3ImRYNIj6zpwWQ/DV3BWhgMFfmzDITH6XpZw2auQHTo=
github.com/go-typeset/bidi v0.3.0 h1:4fjGjejvjE2LzLNzY4si8PkVO321NcsKIiANhWT3jF4=
github.com/go-typeset/bidi v0.3.0/go.mod h1:ct3cmYT8Qt1FGJQ+2QaakrUxqaP4ZysgdQQg2ym5+Xo=
