github.com/go-opentype/fonts v0.10.0 h1:9f7ik795SlBEJjz6iqBE/ZV2PaTauAj537MMWw9t4OQ=
github.com/go-opentype/fonts v0.10.0/go.mod h1:b+o8v1zDZ6B3GixA398jGILAh09+WwfyoYz52zKe7DA=
github.com/go-opentype/fonts v0.12.0 h1:gjYYkbDZBK3JHpraakgGNnXdkGq8oADerhDYjC22ILQ=
github.com/go-opentype/fonts v0.12.0/go.mod h1:Kiep7ojxxaR2ALFeB/akcFHQyl1gG5OLIobp8EzaZSA=
github.com/go-opentype/opentype v0.13.0 h1:q9K7IGDfwMP/ik51ZkwiYf6jbaqPfocvAIuojetd0UQ=
github.com/go-opentype/opentype v0.13.0/go.mod h1:AOixevJf7XQaH7+WG+OMIOZEbYPXfMqklVk26Y6YTUU=
github.com/go-opentype/shape v0.5.0 h1:jHNaOMHNBdDj5EixOevlrrsi92svMxvVMKN7GYaPfxo=
github.com/go-opentype/shape v0.5.0/go.mod h1:3ImRYNIj6zpwWQ/DV3BWhgMFfmzDITH6XpZw2auQHTo=
github.com/go-typeset/bidi v0.3.0 h1:4fjGjejvjE2LzLNzY4si8PkVO321NcsKIiANhWT3jF4=
github.com/go-typeset/bidi v0.3.0/go.mod h1:ct3cmYT8Qt1FGJQ+2QaakrUxqaP4ZysgdQQg2ym5+Xo=
github.com/go-typeset/bidi v0.3.1 h1:fsTa0b9txt2SkH7M55EZ06+q3N9C4O0Oerf+SPLLGFs=
github.com/go-typeset/bidi v0.3.1/go.mod h1:ct3cmYT8Qt1FGJQ+2QaakrUxqaP4ZysgdQQg2ym5+Xo=
